
Microsoft Visual Studio Solution File, Format Version 12.00
# Visual Studio Version 17
VisualStudioVersion = 17.3.32825.248
MinimumVisualStudioVersion = 10.0.40219.1
Project("{FAE04EC0-301F-11D3-BF4B-00C04F79EFBC}") = "Project_For_Class", "Project_For_Class\Project_For_Class.csproj", "{45FEDFF3-7479-4AF3-82C4-F1E7E890CB0B}"
EndProject
Global
	GlobalSection(SolutionConfigurationPlatforms) = preSolution
		Debug|Any CPU = Debug|Any CPU
		Release|Any CPU = Release|Any CPU
	EndGlobalSection
	GlobalSection(ProjectConfigurationPlatforms) = postSolution
		{45FEDFF3-7479-4AF3-82C4-F1E7E890CB0B}.Debug|Any CPU.ActiveCfg = Debug|Any CPU
		{45FEDFF3-7479-4AF3-82C4-F1E7E890CB0B}.Debug|Any CPU.Build.0 = Debug|Any CPU
		{45FEDFF3-7479-4AF3-82C4-F1E7E890CB0B}.Release|Any CPU.ActiveCfg = Release|Any CPU
		{45FEDFF3-7479-4AF3-82C4-F1E7E890CB0B}.Release|Any CPU.Build.0 = Release|Any CPU
	EndGlobalSection
	GlobalSection(SolutionProperties) = preSolution
		HideSolutionNode = FALSE
	EndGlobalSection
	GlobalSection(ExtensibilityGlobals) = postSolution
		SolutionGuid = {4AF21B63-B868-47D1-B6A8-3CDB55FCE8ED}
	EndGlobalSection
EndGlobal
